
Microsoft Visual Studio Solution File, Format Version 12.00
# Visual Studio Version 17
VisualStudioVersion = 17.0.31912.275
MinimumVisualStudioVersion = 10.0.40219.1
Project("{FAE04EC0-301F-11D3-BF4B-00C04F79EFBC}") = "KoC", "KoC.csproj", "{50C28FB4-9851-45B5-A84E-FCCB2D5F69DA}"
EndProject
Global
	GlobalSection(SolutionConfigurationPlatforms) = preSolution
		Debug|Any CPU = Debug|Any CPU
		Release|Any CPU = Release|Any CPU
	EndGlobalSection
	GlobalSection(ProjectConfigurationPlatforms) = postSolution
		{50C28FB4-9851-45B5-A84E-FCCB2D5F69DA}.Debug|Any CPU.ActiveCfg = Debug|Any CPU
		{50C28FB4-9851-45B5-A84E-FCCB2D5F69DA}.Debug|Any CPU.Build.0 = Debug|Any CPU
		{50C28FB4-9851-45B5-A84E-FCCB2D5F69DA}.Release|Any CPU.ActiveCfg = Release|Any CPU
		{50C28FB4-9851-45B5-A84E-FCCB2D5F69DA}.Release|Any CPU.Build.0 = Release|Any CPU
	EndGlobalSection
	GlobalSection(SolutionProperties) = preSolution
		HideSolutionNode = FALSE
	EndGlobalSection
	GlobalSection(ExtensibilityGlobals) = postSolution
		SolutionGuid = {D66450C3-8D35-4D4D-9A45-C586AF7FCC0D}
	EndGlobalSection
EndGlobal
